{
  "name": "minecraft-sirokuma",
  "lockfileVersion": 3,
  "requires": true,
  "packages": {
    "": {
      "dependencies": {
        "minecraft-bedrock-server": "^1.1.2"
      }
    },
    "node_modules/basic-args": {
      "version": "1.2.0",
      "resolved": "https://registry.npmjs.org/basic-args/-/basic-args-1.2.0.tgz",
      "integrity": "sha512-LUdESTOgmvAVvShX0g+fxPmeF72jEWOnHbg6YUxC/2gQ0YQJb/Hnf+NCUxUAJNIZFeE3RfaWFInn0p/fla5FuQ==",
      "dependencies": {
        "yargs-parser": "^21.0.0"
      }
    },
    "node_modules/basic-args/node_modules/yargs-parser": {
      "version": "21.1.1",
      "resolved": "https://registry.npmjs.org/yargs-parser/-/yargs-parser-21.1.1.tgz",
      "integrity": "sha512-tVpsJW7DdjecAiFpbIB1e3qxIQsE6NoPc5/eTdrbbIC4h0LVsWhnoa3g+m2HclBIujHzsxZ4VJVA+GUuc2/LBw==",
      "engines": {
        "node": ">=12"
      }
    },
    "node_modules/debug": {
      "version": "4.3.4",
      "resolved": "https://registry.npmjs.org/debug/-/debug-4.3.4.tgz",
      "integrity": "sha512-PRWFHuSU3eDtQJPvnNY7Jcket1j0t5OuOsFzPPzsekD52Zl8qUfFIPEiswXqIvHWGVHOgX+7G/vCNNhehwxfkQ==",
      "dependencies": {
        "ms": "2.1.2"
      },
      "engines": {
        "node": ">=6.0"
      },
      "peerDependenciesMeta": {
        "supports-color": {
          "optional": true
        }
      }
    },
    "node_modules/debug/node_modules/ms": {
      "version": "2.1.2",
      "resolved": "https://registry.npmjs.org/ms/-/ms-2.1.2.tgz",
      "integrity": "sha512-sGkPx+VjMtmA6MX27oA4FBFELFCZZ4S4XqeGOXCv68tT+jb3vk/RyaKWP0PTKyWtmLSM0b+adUTEvbs1PEaH2w=="
    },
    "node_modules/minecraft-bedrock-server": {
      "version": "1.1.2",
      "resolved": "https://registry.npmjs.org/minecraft-bedrock-server/-/minecraft-bedrock-server-1.1.2.tgz",
      "integrity": "sha512-bbEbavBuANRbqM4dPIfUbaMW/DNbxeZU6YqaVWtvHgoE9BdFb2PS6zAhdXXykten8QrYvEfvsA92n7kExhXeNg==",
      "dependencies": {
        "basic-args": "^1.2.0",
        "debug": "^4.3.3"
      },
      "bin": {
        "minecraft-bedrock-server": "cli.js"
      }
    }
  }
}
